// !$*UTF8*$!
{
	archiveVersion = 1;
	classes = {
	};
	objectVersion = 56;
	objects = {

/* Begin PBXBuildFile section */
		0814F9202A1D07DF00FB05F0 /* Fetch_Me_A_Meal_App.swift in Sources */ = {isa = PBXBuildFile; fileRef = 0814F91F2A1D07DF00FB05F0 /* Fetch_Me_A_Meal_App.swift */; };
		0814F9222A1D07DF00FB05F0 /* ContentView.swift in Sources */ = {isa = PBXBuildFile; fileRef = 0814F9212A1D07DF00FB05F0 /* ContentView.swift */; };
		0814F9242A1D07E100FB05F0 /* Assets.xcassets in Resources */ = {isa = PBXBuildFile; fileRef = 0814F9232A1D07E100FB05F0 /* Assets.xcassets */; };
		0814F9272A1D07E100FB05F0 /* Preview Assets.xcassets in Resources */ = {isa = PBXBuildFile; fileRef = 0814F9262A1D07E100FB05F0 /* Preview Assets.xcassets */; };
		0814F9312A1D07E100FB05F0 /* Fetch_Me_A_Meal_Tests.swift in Sources */ = {isa = PBXBuildFile; fileRef = 0814F9302A1D07E100FB05F0 /* Fetch_Me_A_Meal_Tests.swift */; };
		0814F93B2A1D07E100FB05F0 /* Fetch_Me_A_Meal_UITests.swift in Sources */ = {isa = PBXBuildFile; fileRef = 0814F93A2A1D07E100FB05F0 /* Fetch_Me_A_Meal_UITests.swift */; };
		0814F93D2A1D07E100FB05F0 /* Fetch_Me_A_Meal_UITestsLaunchTests.swift in Sources */ = {isa = PBXBuildFile; fileRef = 0814F93C2A1D07E100FB05F0 /* Fetch_Me_A_Meal_UITestsLaunchTests.swift */; };
		0814F9502A1D0AB000FB05F0 /* MealAPIManager.swift in Sources */ = {isa = PBXBuildFile; fileRef = 0814F94F2A1D0AB000FB05F0 /* MealAPIManager.swift */; };
		0814F9522A1D202E00FB05F0 /* Desert.swift in Sources */ = {isa = PBXBuildFile; fileRef = 0814F9512A1D202E00FB05F0 /* Desert.swift */; };
		0814F9602A1D3EBF00FB05F0 /* MealListView.swift in Sources */ = {isa = PBXBuildFile; fileRef = 0814F95F2A1D3EBF00FB05F0 /* MealListView.swift */; };
		0814F9622A1D3ECB00FB05F0 /* MealDetailView.swift in Sources */ = {isa = PBXBuildFile; fileRef = 0814F9612A1D3ECB00FB05F0 /* MealDetailView.swift */; };
		0814F9642A1D3EDA00FB05F0 /* MealDetailViewModel.swift in Sources */ = {isa = PBXBuildFile; fileRef = 0814F9632A1D3EDA00FB05F0 /* MealDetailViewModel.swift */; };
		0814F9662A1D3EED00FB05F0 /* MealListViewModel.swift in Sources */ = {isa = PBXBuildFile; fileRef = 0814F9652A1D3EED00FB05F0 /* MealListViewModel.swift */; };
		0814F9682A1D3F8800FB05F0 /* MealListRow.swift in Sources */ = {isa = PBXBuildFile; fileRef = 0814F9672A1D3F8800FB05F0 /* MealListRow.swift */; };
		0814F96A2A1D3F9300FB05F0 /* MealListRowViewModel.swift in Sources */ = {isa = PBXBuildFile; fileRef = 0814F9692A1D3F9300FB05F0 /* MealListRowViewModel.swift */; };
		0814F96C2A1D41FC00FB05F0 /* Recipe.swift in Sources */ = {isa = PBXBuildFile; fileRef = 0814F96B2A1D41FC00FB05F0 /* Recipe.swift */; };
		0814F96E2A1D52D100FB05F0 /* Extensions.swift in Sources */ = {isa = PBXBuildFile; fileRef = 0814F96D2A1D52D100FB05F0 /* Extensions.swift */; };
/* End PBXBuildFile section */

/* Begin PBXContainerItemProxy section */
		0814F92D2A1D07E100FB05F0 /* PBXContainerItemProxy */ = {
			isa = PBXContainerItemProxy;
			containerPortal = 0814F9142A1D07DF00FB05F0 /* Project object */;
			proxyType = 1;
			remoteGlobalIDString = 0814F91B2A1D07DF00FB05F0;
			remoteInfo = "Fetch Me A Meal!";
		};
		0814F9372A1D07E100FB05F0 /* PBXContainerItemProxy */ = {
			isa = PBXContainerItemProxy;
			containerPortal = 0814F9142A1D07DF00FB05F0 /* Project object */;
			proxyType = 1;
			remoteGlobalIDString = 0814F91B2A1D07DF00FB05F0;
			remoteInfo = "Fetch Me A Meal!";
		};
/* End PBXContainerItemProxy section */

/* Begin PBXFileReference section */
		0814F91C2A1D07DF00FB05F0 /* Fetch Me A Meal!.app */ = {isa = PBXFileReference; explicitFileType = wrapper.application; includeInIndex = 0; path = "Fetch Me A Meal!.app"; sourceTree = BUILT_PRODUCTS_DIR; };
		0814F91F2A1D07DF00FB05F0 /* Fetch_Me_A_Meal_App.swift */ = {isa = PBXFileReference; lastKnownFileType = sourcecode.swift; path = Fetch_Me_A_Meal_App.swift; sourceTree = "<group>"; };
		0814F9212A1D07DF00FB05F0 /* ContentView.swift */ = {isa = PBXFileReference; lastKnownFileType = sourcecode.swift; path = ContentView.swift; sourceTree = "<group>"; };
		0814F9232A1D07E100FB05F0 /* Assets.xcassets */ = {isa = PBXFileReference; lastKnownFileType = folder.assetcatalog; path = Assets.xcassets; sourceTree = "<group>"; };
		0814F9262A1D07E100FB05F0 /* Preview Assets.xcassets */ = {isa = PBXFileReference; lastKnownFileType = folder.assetcatalog; path = "Preview Assets.xcassets"; sourceTree = "<group>"; };
		0814F92C2A1D07E100FB05F0 /* Fetch Me A Meal!Tests.xctest */ = {isa = PBXFileReference; explicitFileType = wrapper.cfbundle; includeInIndex = 0; path = "Fetch Me A Meal!Tests.xctest"; sourceTree = BUILT_PRODUCTS_DIR; };
		0814F9302A1D07E100FB05F0 /* Fetch_Me_A_Meal_Tests.swift */ = {isa = PBXFileReference; lastKnownFileType = sourcecode.swift; path = Fetch_Me_A_Meal_Tests.swift; sourceTree = "<group>"; };
		0814F9362A1D07E100FB05F0 /* Fetch Me A Meal!UITests.xctest */ = {isa = PBXFileReference; explicitFileType = wrapper.cfbundle; includeInIndex = 0; path = "Fetch Me A Meal!UITests.xctest"; sourceTree = BUILT_PRODUCTS_DIR; };
		0814F93A2A1D07E100FB05F0 /* Fetch_Me_A_Meal_UITests.swift */ = {isa = PBXFileReference; lastKnownFileType = sourcecode.swift; path = Fetch_Me_A_Meal_UITests.swift; sourceTree = "<group>"; };
		0814F93C2A1D07E100FB05F0 /* Fetch_Me_A_Meal_UITestsLaunchTests.swift */ = {isa = PBXFileReference; lastKnownFileType = sourcecode.swift; path = Fetch_Me_A_Meal_UITestsLaunchTests.swift; sourceTree = "<group>"; };
		0814F94F2A1D0AB000FB05F0 /* MealAPIManager.swift */ = {isa = PBXFileReference; lastKnownFileType = sourcecode.swift; path = MealAPIManager.swift; sourceTree = "<group>"; };
		0814F9512A1D202E00FB05F0 /* Desert.swift */ = {isa = PBXFileReference; lastKnownFileType = sourcecode.swift; path = Desert.swift; sourceTree = "<group>"; };
		0814F95F2A1D3EBF00FB05F0 /* MealListView.swift */ = {isa = PBXFileReference; lastKnownFileType = sourcecode.swift; path = MealListView.swift; sourceTree = "<group>"; };
		0814F9612A1D3ECB00FB05F0 /* MealDetailView.swift */ = {isa = PBXFileReference; lastKnownFileType = sourcecode.swift; path = MealDetailView.swift; sourceTree = "<group>"; };
		0814F9632A1D3EDA00FB05F0 /* MealDetailViewModel.swift */ = {isa = PBXFileReference; lastKnownFileType = sourcecode.swift; path = MealDetailViewModel.swift; sourceTree = "<group>"; };
		0814F9652A1D3EED00FB05F0 /* MealListViewModel.swift */ = {isa = PBXFileReference; lastKnownFileType = sourcecode.swift; path = MealListViewModel.swift; sourceTree = "<group>"; };
		0814F9672A1D3F8800FB05F0 /* MealListRow.swift */ = {isa = PBXFileReference; lastKnownFileType = sourcecode.swift; path = MealListRow.swift; sourceTree = "<group>"; };
		0814F9692A1D3F9300FB05F0 /* MealListRowViewModel.swift */ = {isa = PBXFileReference; lastKnownFileType = sourcecode.swift; path = MealListRowViewModel.swift; sourceTree = "<group>"; };
		0814F96B2A1D41FC00FB05F0 /* Recipe.swift */ = {isa = PBXFileReference; lastKnownFileType = sourcecode.swift; path = Recipe.swift; sourceTree = "<group>"; };
		0814F96D2A1D52D100FB05F0 /* Extensions.swift */ = {isa = PBXFileReference; lastKnownFileType = sourcecode.swift; path = Extensions.swift; sourceTree = "<group>"; };
/* End PBXFileReference section */

/* Begin PBXFrameworksBuildPhase section */
		0814F9192A1D07DF00FB05F0 /* Frameworks */ = {
			isa = PBXFrameworksBuildPhase;
			buildActionMask = 2147483647;
			files = (
			);
			runOnlyForDeploymentPostprocessing = 0;
		};
		0814F9292A1D07E100FB05F0 /* Frameworks */ = {
			isa = PBXFrameworksBuildPhase;
			buildActionMask = 2147483647;
			files = (
			);
			runOnlyForDeploymentPostprocessing = 0;
		};
		0814F9332A1D07E100FB05F0 /* Frameworks */ = {
			isa = PBXFrameworksBuildPhase;
			buildActionMask = 2147483647;
			files = (
			);
			runOnlyForDeploymentPostprocessing = 0;
		};
/* End PBXFrameworksBuildPhase section */

/* Begin PBXGroup section */
		0814F9132A1D07DF00FB05F0 = {
			isa = PBXGroup;
			children = (
				0814F91E2A1D07DF00FB05F0 /* Fetch Me A Meal! */,
				0814F92F2A1D07E100FB05F0 /* Fetch Me A Meal!Tests */,
				0814F9392A1D07E100FB05F0 /* Fetch Me A Meal!UITests */,
				0814F91D2A1D07DF00FB05F0 /* Products */,
			);
			sourceTree = "<group>";
		};
		0814F91D2A1D07DF00FB05F0 /* Products */ = {
			isa = PBXGroup;
			children = (
				0814F91C2A1D07DF00FB05F0 /* Fetch Me A Meal!.app */,
				0814F92C2A1D07E100FB05F0 /* Fetch Me A Meal!Tests.xctest */,
				0814F9362A1D07E100FB05F0 /* Fetch Me A Meal!UITests.xctest */,
			);
			name = Products;
			sourceTree = "<group>";
		};
		0814F91E2A1D07DF00FB05F0 /* Fetch Me A Meal! */ = {
			isa = PBXGroup;
			children = (
				0814F9492A1D0A4800FB05F0 /* Meals */,
				0814F91F2A1D07DF00FB05F0 /* Fetch_Me_A_Meal_App.swift */,
				0814F9212A1D07DF00FB05F0 /* ContentView.swift */,
				0814F9232A1D07E100FB05F0 /* Assets.xcassets */,
				0814F9252A1D07E100FB05F0 /* Preview Content */,
				0814F96D2A1D52D100FB05F0 /* Extensions.swift */,
			);
			path = "Fetch Me A Meal!";
			sourceTree = "<group>";
		};
		0814F9252A1D07E100FB05F0 /* Preview Content */ = {
			isa = PBXGroup;
			children = (
				0814F9262A1D07E100FB05F0 /* Preview Assets.xcassets */,
			);
			path = "Preview Content";
			sourceTree = "<group>";
		};
		0814F92F2A1D07E100FB05F0 /* Fetch Me A Meal!Tests */ = {
			isa = PBXGroup;
			children = (
				0814F9302A1D07E100FB05F0 /* Fetch_Me_A_Meal_Tests.swift */,
			);
			path = "Fetch Me A Meal!Tests";
			sourceTree = "<group>";
		};
		0814F9392A1D07E100FB05F0 /* Fetch Me A Meal!UITests */ = {
			isa = PBXGroup;
			children = (
				0814F93A2A1D07E100FB05F0 /* Fetch_Me_A_Meal_UITests.swift */,
				0814F93C2A1D07E100FB05F0 /* Fetch_Me_A_Meal_UITestsLaunchTests.swift */,
			);
			path = "Fetch Me A Meal!UITests";
			sourceTree = "<group>";
		};
		0814F9492A1D0A4800FB05F0 /* Meals */ = {
			isa = PBXGroup;
			children = (
				0814F95E2A1D3EB200FB05F0 /* ViewModels */,
				0814F95D2A1D3EAA00FB05F0 /* Views */,
				0814F94E2A1D0A9000FB05F0 /* API */,
				0814F94D2A1D0A8600FB05F0 /* Models */,
			);
			path = Meals;
			sourceTree = "<group>";
		};
		0814F94D2A1D0A8600FB05F0 /* Models */ = {
			isa = PBXGroup;
			children = (
				0814F9512A1D202E00FB05F0 /* Desert.swift */,
				0814F96B2A1D41FC00FB05F0 /* Recipe.swift */,
			);
			path = Models;
			sourceTree = "<group>";
		};
		0814F94E2A1D0A9000FB05F0 /* API */ = {
			isa = PBXGroup;
			children = (
				0814F94F2A1D0AB000FB05F0 /* MealAPIManager.swift */,
			);
			path = API;
			sourceTree = "<group>";
		};
		0814F95D2A1D3EAA00FB05F0 /* Views */ = {
			isa = PBXGroup;
			children = (
				0814F95F2A1D3EBF00FB05F0 /* MealListView.swift */,
				0814F9612A1D3ECB00FB05F0 /* MealDetailView.swift */,
				0814F9672A1D3F8800FB05F0 /* MealListRow.swift */,
			);
			path = Views;
			sourceTree = "<group>";
		};
		0814F95E2A1D3EB200FB05F0 /* ViewModels */ = {
			isa = PBXGroup;
			children = (
				0814F9632A1D3EDA00FB05F0 /* MealDetailViewModel.swift */,
				0814F9652A1D3EED00FB05F0 /* MealListViewModel.swift */,
				0814F9692A1D3F9300FB05F0 /* MealListRowViewModel.swift */,
			);
			path = ViewModels;
			sourceTree = "<group>";
		};
/* End PBXGroup section */

/* Begin PBXNativeTarget section */
		0814F91B2A1D07DF00FB05F0 /* Fetch Me A Meal! */ = {
			isa = PBXNativeTarget;
			buildConfigurationList = 0814F9402A1D07E100FB05F0 /* Build configuration list for PBXNativeTarget "Fetch Me A Meal!" */;
			buildPhases = (
				0814F9182A1D07DF00FB05F0 /* Sources */,
				0814F9192A1D07DF00FB05F0 /* Frameworks */,
				0814F91A2A1D07DF00FB05F0 /* Resources */,
			);
			buildRules = (
			);
			dependencies = (
			);
			name = "Fetch Me A Meal!";
			productName = "Fetch Me A Meal!";
			productReference = 0814F91C2A1D07DF00FB05F0 /* Fetch Me A Meal!.app */;
			productType = "com.apple.product-type.application";
		};
		0814F92B2A1D07E100FB05F0 /* Fetch Me A Meal!Tests */ = {
			isa = PBXNativeTarget;
			buildConfigurationList = 0814F9432A1D07E100FB05F0 /* Build configuration list for PBXNativeTarget "Fetch Me A Meal!Tests" */;
			buildPhases = (
				0814F9282A1D07E100FB05F0 /* Sources */,
				0814F9292A1D07E100FB05F0 /* Frameworks */,
				0814F92A2A1D07E100FB05F0 /* Resources */,
			);
			buildRules = (
			);
			dependencies = (
				0814F92E2A1D07E100FB05F0 /* PBXTargetDependency */,
			);
			name = "Fetch Me A Meal!Tests";
			productName = "Fetch Me A Meal!Tests";
			productReference = 0814F92C2A1D07E100FB05F0 /* Fetch Me A Meal!Tests.xctest */;
			productType = "com.apple.product-type.bundle.unit-test";
		};
		0814F9352A1D07E100FB05F0 /* Fetch Me A Meal!UITests */ = {
			isa = PBXNativeTarget;
			buildConfigurationList = 0814F9462A1D07E100FB05F0 /* Build configuration list for PBXNativeTarget "Fetch Me A Meal!UITests" */;
			buildPhases = (
				0814F9322A1D07E100FB05F0 /* Sources */,
				0814F9332A1D07E100FB05F0 /* Frameworks */,
				0814F9342A1D07E100FB05F0 /* Resources */,
			);
			buildRules = (
			);
			dependencies = (
				0814F9382A1D07E100FB05F0 /* PBXTargetDependency */,
			);
			name = "Fetch Me A Meal!UITests";
			productName = "Fetch Me A Meal!UITests";
			productReference = 0814F9362A1D07E100FB05F0 /* Fetch Me A Meal!UITests.xctest */;
			productType = "com.apple.product-type.bundle.ui-testing";
		};
/* End PBXNativeTarget section */

/* Begin PBXProject section */
		0814F9142A1D07DF00FB05F0 /* Project object */ = {
			isa = PBXProject;
			attributes = {
				BuildIndependentTargetsInParallel = 1;
				LastSwiftUpdateCheck = 1430;
				LastUpgradeCheck = 1430;
				TargetAttributes = {
					0814F91B2A1D07DF00FB05F0 = {
						CreatedOnToolsVersion = 14.3;
					};
					0814F92B2A1D07E100FB05F0 = {
						CreatedOnToolsVersion = 14.3;
						TestTargetID = 0814F91B2A1D07DF00FB05F0;
					};
					0814F9352A1D07E100FB05F0 = {
						CreatedOnToolsVersion = 14.3;
						TestTargetID = 0814F91B2A1D07DF00FB05F0;
					};
				};
			};
			buildConfigurationList = 0814F9172A1D07DF00FB05F0 /* Build configuration list for PBXProject "Fetch Me A Meal!" */;
			compatibilityVersion = "Xcode 14.0";
			developmentRegion = en;
			hasScannedForEncodings = 0;
			knownRegions = (
				en,
				Base,
			);
			mainGroup = 0814F9132A1D07DF00FB05F0;
			productRefGroup = 0814F91D2A1D07DF00FB05F0 /* Products */;
			projectDirPath = "";
			projectRoot = "";
			targets = (
				0814F91B2A1D07DF00FB05F0 /* Fetch Me A Meal! */,
				0814F92B2A1D07E100FB05F0 /* Fetch Me A Meal!Tests */,
				0814F9352A1D07E100FB05F0 /* Fetch Me A Meal!UITests */,
			);
		};
/* End PBXProject section */

/* Begin PBXResourcesBuildPhase section */
		0814F91A2A1D07DF00FB05F0 /* Resources */ = {
			isa = PBXResourcesBuildPhase;
			buildActionMask = 2147483647;
			files = (
				0814F9272A1D07E100FB05F0 /* Preview Assets.xcassets in Resources */,
				0814F9242A1D07E100FB05F0 /* Assets.xcassets in Resources */,
			);
			runOnlyForDeploymentPostprocessing = 0;
		};
		0814F92A2A1D07E100FB05F0 /* Resources */ = {
			isa = PBXResourcesBuildPhase;
			buildActionMask = 2147483647;
			files = (
			);
			runOnlyForDeploymentPostprocessing = 0;
		};
		0814F9342A1D07E100FB05F0 /* Resources */ = {
			isa = PBXResourcesBuildPhase;
			buildActionMask = 2147483647;
			files = (
			);
			runOnlyForDeploymentPostprocessing = 0;
		};
/* End PBXResourcesBuildPhase section */

/* Begin PBXSourcesBuildPhase section */
		0814F9182A1D07DF00FB05F0 /* Sources */ = {
			isa = PBXSourcesBuildPhase;
			buildActionMask = 2147483647;
			files = (
				0814F9682A1D3F8800FB05F0 /* MealListRow.swift in Sources */,
				0814F9622A1D3ECB00FB05F0 /* MealDetailView.swift in Sources */,
				0814F9662A1D3EED00FB05F0 /* MealListViewModel.swift in Sources */,
				0814F9522A1D202E00FB05F0 /* Desert.swift in Sources */,
				0814F9222A1D07DF00FB05F0 /* ContentView.swift in Sources */,
				0814F9202A1D07DF00FB05F0 /* Fetch_Me_A_Meal_App.swift in Sources */,
				0814F9502A1D0AB000FB05F0 /* MealAPIManager.swift in Sources */,
				0814F96E2A1D52D100FB05F0 /* Extensions.swift in Sources */,
				0814F9642A1D3EDA00FB05F0 /* MealDetailViewModel.swift in Sources */,
				0814F96A2A1D3F9300FB05F0 /* MealListRowViewModel.swift in Sources */,
				0814F9602A1D3EBF00FB05F0 /* MealListView.swift in Sources */,
				0814F96C2A1D41FC00FB05F0 /* Recipe.swift in Sources */,
			);
			runOnlyForDeploymentPostprocessing = 0;
		};
		0814F9282A1D07E100FB05F0 /* Sources */ = {
			isa = PBXSourcesBuildPhase;
			buildActionMask = 2147483647;
			files = (
				0814F9312A1D07E100FB05F0 /* Fetch_Me_A_Meal_Tests.swift in Sources */,
			);
			runOnlyForDeploymentPostprocessing = 0;
		};
		0814F9322A1D07E100FB05F0 /* Sources */ = {
			isa = PBXSourcesBuildPhase;
			buildActionMask = 2147483647;
			files = (
				0814F93D2A1D07E100FB05F0 /* Fetch_Me_A_Meal_UITestsLaunchTests.swift in Sources */,
				0814F93B2A1D07E100FB05F0 /* Fetch_Me_A_Meal_UITests.swift in Sources */,
			);
			runOnlyForDeploymentPostprocessing = 0;
		};
/* End PBXSourcesBuildPhase section */

/* Begin PBXTargetDependency section */
		0814F92E2A1D07E100FB05F0 /* PBXTargetDependency */ = {
			isa = PBXTargetDependency;
			target = 0814F91B2A1D07DF00FB05F0 /* Fetch Me A Meal! */;
			targetProxy = 0814F92D2A1D07E100FB05F0 /* PBXContainerItemProxy */;
		};
		0814F9382A1D07E100FB05F0 /* PBXTargetDependency */ = {
			isa = PBXTargetDependency;
			target = 0814F91B2A1D07DF00FB05F0 /* Fetch Me A Meal! */;
			targetProxy = 0814F9372A1D07E100FB05F0 /* PBXContainerItemProxy */;
		};
/* End PBXTargetDependency section */

/* Begin XCBuildConfiguration section */
		0814F93E2A1D07E100FB05F0 /* Debug */ = {
			isa = XCBuildConfiguration;
			buildSettings = {
				ALWAYS_SEARCH_USER_PATHS = NO;
				CLANG_ANALYZER_NONNULL = YES;
				CLANG_ANALYZER_NUMBER_OBJECT_CONVERSION = YES_AGGRESSIVE;
				CLANG_CXX_LANGUAGE_STANDARD = "gnu++20";
				CLANG_ENABLE_MODULES = YES;
				CLANG_ENABLE_OBJC_ARC = YES;
				CLANG_ENABLE_OBJC_WEAK = YES;
				CLANG_WARN_BLOCK_CAPTURE_AUTORELEASING = YES;
				CLANG_WARN_BOOL_CONVERSION = YES;
				CLANG_WARN_COMMA = YES;
				CLANG_WARN_CONSTANT_CONVERSION = YES;
				CLANG_WARN_DEPRECATED_OBJC_IMPLEMENTATIONS = YES;
				CLANG_WARN_DIRECT_OBJC_ISA_USAGE = YES_ERROR;
				CLANG_WARN_DOCUMENTATION_COMMENTS = YES;
				CLANG_WARN_EMPTY_BODY = YES;
				CLANG_WARN_ENUM_CONVERSION = YES;
				CLANG_WARN_INFINITE_RECURSION = YES;
				CLANG_WARN_INT_CONVERSION = YES;
				CLANG_WARN_NON_LITERAL_NULL_CONVERSION = YES;
				CLANG_WARN_OBJC_IMPLICIT_RETAIN_SELF = YES;
				CLANG_WARN_OBJC_LITERAL_CONVERSION = YES;
				CLANG_WARN_OBJC_ROOT_CLASS = YES_ERROR;
				CLANG_WARN_QUOTED_INCLUDE_IN_FRAMEWORK_HEADER = YES;
				CLANG_WARN_RANGE_LOOP_ANALYSIS = YES;
				CLANG_WARN_STRICT_PROTOTYPES = YES;
				CLANG_WARN_SUSPICIOUS_MOVE = YES;
				CLANG_WARN_UNGUARDED_AVAILABILITY = YES_AGGRESSIVE;
				CLANG_WARN_UNREACHABLE_CODE = YES;
				CLANG_WARN__DUPLICATE_METHOD_MATCH = YES;
				COPY_PHASE_STRIP = NO;
				DEBUG_INFORMATION_FORMAT = dwarf;
				ENABLE_STRICT_OBJC_MSGSEND = YES;
				ENABLE_TESTABILITY = YES;
				GCC_C_LANGUAGE_STANDARD = gnu11;
				GCC_DYNAMIC_NO_PIC = NO;
				GCC_NO_COMMON_BLOCKS = YES;
				GCC_OPTIMIZATION_LEVEL = 0;
				GCC_PREPROCESSOR_DEFINITIONS = (
					"DEBUG=1",
					"$(inherited)",
				);
				GCC_WARN_64_TO_32_BIT_CONVERSION = YES;
				GCC_WARN_ABOUT_RETURN_TYPE = YES_ERROR;
				GCC_WARN_UNDECLARED_SELECTOR = YES;
				GCC_WARN_UNINITIALIZED_AUTOS = YES_AGGRESSIVE;
				GCC_WARN_UNUSED_FUNCTION = YES;
				GCC_WARN_UNUSED_VARIABLE = YES;
				IPHONEOS_DEPLOYMENT_TARGET = 16.4;
				MTL_ENABLE_DEBUG_INFO = INCLUDE_SOURCE;
				MTL_FAST_MATH = YES;
				ONLY_ACTIVE_ARCH = YES;
				SDKROOT = iphoneos;
				SWIFT_ACTIVE_COMPILATION_CONDITIONS = DEBUG;
				SWIFT_OPTIMIZATION_LEVEL = "-Onone";
			};
			name = Debug;
		};
		0814F93F2A1D07E100FB05F0 /* Release */ = {
			isa = XCBuildConfiguration;
			buildSettings = {
				ALWAYS_SEARCH_USER_PATHS = NO;
				CLANG_ANALYZER_NONNULL = YES;
				CLANG_ANALYZER_NUMBER_OBJECT_CONVERSION = YES_AGGRESSIVE;
				CLANG_CXX_LANGUAGE_STANDARD = "gnu++20";
				CLANG_ENABLE_MODULES = YES;
				CLANG_ENABLE_OBJC_ARC = YES;
				CLANG_ENABLE_OBJC_WEAK = YES;
				CLANG_WARN_BLOCK_CAPTURE_AUTORELEASING = YES;
				CLANG_WARN_BOOL_CONVERSION = YES;
				CLANG_WARN_COMMA = YES;
				CLANG_WARN_CONSTANT_CONVERSION = YES;
				CLANG_WARN_DEPRECATED_OBJC_IMPLEMENTATIONS = YES;
				CLANG_WARN_DIRECT_OBJC_ISA_USAGE = YES_ERROR;
				CLANG_WARN_DOCUMENTATION_COMMENTS = YES;
				CLANG_WARN_EMPTY_BODY = YES;
				CLANG_WARN_ENUM_CONVERSION = YES;
				CLANG_WARN_INFINITE_RECURSION = YES;
				CLANG_WARN_INT_CONVERSION = YES;
				CLANG_WARN_NON_LITERAL_NULL_CONVERSION = YES;
				CLANG_WARN_OBJC_IMPLICIT_RETAIN_SELF = YES;
				CLANG_WARN_OBJC_LITERAL_CONVERSION = YES;
				CLANG_WARN_OBJC_ROOT_CLASS = YES_ERROR;
				CLANG_WARN_QUOTED_INCLUDE_IN_FRAMEWORK_HEADER = YES;
				CLANG_WARN_RANGE_LOOP_ANALYSIS = YES;
				CLANG_WARN_STRICT_PROTOTYPES = YES;
				CLANG_WARN_SUSPICIOUS_MOVE = YES;
				CLANG_WARN_UNGUARDED_AVAILABILITY = YES_AGGRESSIVE;
				CLANG_WARN_UNREACHABLE_CODE = YES;
				CLANG_WARN__DUPLICATE_METHOD_MATCH = YES;
				COPY_PHASE_STRIP = NO;
				DEBUG_INFORMATION_FORMAT = "dwarf-with-dsym";
				ENABLE_NS_ASSERTIONS = NO;
				ENABLE_STRICT_OBJC_MSGSEND = YES;
				GCC_C_LANGUAGE_STANDARD = gnu11;
				GCC_NO_COMMON_BLOCKS = YES;
				GCC_WARN_64_TO_32_BIT_CONVERSION = YES;
				GCC_WARN_ABOUT_RETURN_TYPE = YES_ERROR;
				GCC_WARN_UNDECLARED_SELECTOR = YES;
				GCC_WARN_UNINITIALIZED_AUTOS = YES_AGGRESSIVE;
				GCC_WARN_UNUSED_FUNCTION = YES;
				GCC_WARN_UNUSED_VARIABLE = YES;
				IPHONEOS_DEPLOYMENT_TARGET = 16.4;
				MTL_ENABLE_DEBUG_INFO = NO;
				MTL_FAST_MATH = YES;
				SDKROOT = iphoneos;
				SWIFT_COMPILATION_MODE = wholemodule;
				SWIFT_OPTIMIZATION_LEVEL = "-O";
				VALIDATE_PRODUCT = YES;
			};
			name = Release;
		};
		0814F9412A1D07E100FB05F0 /* Debug */ = {
			isa = XCBuildConfiguration;
			buildSettings = {
				ASSETCATALOG_COMPILER_APPICON_NAME = AppIcon;
				ASSETCATALOG_COMPILER_GLOBAL_ACCENT_COLOR_NAME = AccentColor;
				CODE_SIGN_STYLE = Automatic;
				CURRENT_PROJECT_VERSION = 1;
				DEVELOPMENT_ASSET_PATHS = "\"Fetch Me A Meal!/Preview Content\"";
				DEVELOPMENT_TEAM = S8F5YNFL7X;
				ENABLE_PREVIEWS = YES;
				GENERATE_INFOPLIST_FILE = YES;
				INFOPLIST_KEY_UIApplicationSceneManifest_Generation = YES;
				INFOPLIST_KEY_UIApplicationSupportsIndirectInputEvents = YES;
				INFOPLIST_KEY_UILaunchScreen_Generation = YES;
				INFOPLIST_KEY_UISupportedInterfaceOrientations_iPad = "UIInterfaceOrientationPortrait UIInterfaceOrientationPortraitUpsideDown UIInterfaceOrientationLandscapeLeft UIInterfaceOrientationLandscapeRight";
				INFOPLIST_KEY_UISupportedInterfaceOrientations_iPhone = "UIInterfaceOrientationPortrait UIInterfaceOrientationLandscapeLeft UIInterfaceOrientationLandscapeRight";
				IPHONEOS_DEPLOYMENT_TARGET = 15.1;
				LD_RUNPATH_SEARCH_PATHS = (
					"$(inherited)",
					"@executable_path/Frameworks",
				);
				MARKETING_VERSION = 1.0;
				PRODUCT_BUNDLE_IDENTIFIER = "com.wlawsonkelly.Fetch-Me-A-Meal-";
				PRODUCT_NAME = "$(TARGET_NAME)";
				SWIFT_EMIT_LOC_STRINGS = YES;
				SWIFT_VERSION = 5.0;
				TARGETED_DEVICE_FAMILY = "1,2";
			};
			name = Debug;
		};
		0814F9422A1D07E100FB05F0 /* Release */ = {
			isa = XCBuildConfiguration;
			buildSettings = {
				ASSETCATALOG_COMPILER_APPICON_NAME = AppIcon;
				ASSETCATALOG_COMPILER_GLOBAL_ACCENT_COLOR_NAME = AccentColor;
				CODE_SIGN_STYLE = Automatic;
				CURRENT_PROJECT_VERSION = 1;
				DEVELOPMENT_ASSET_PATHS = "\"Fetch Me A Meal!/Preview Content\"";
				DEVELOPMENT_TEAM = S8F5YNFL7X;
				ENABLE_PREVIEWS = YES;
				GENERATE_INFOPLIST_FILE = YES;
				INFOPLIST_KEY_UIApplicationSceneManifest_Generation = YES;
				INFOPLIST_KEY_UIApplicationSupportsIndirectInputEvents = YES;
				INFOPLIST_KEY_UILaunchScreen_Generation = YES;
				INFOPLIST_KEY_UISupportedInterfaceOrientations_iPad = "UIInterfaceOrientationPortrait UIInterfaceOrientationPortraitUpsideDown UIInterfaceOrientationLandscapeLeft UIInterfaceOrientationLandscapeRight";
				INFOPLIST_KEY_UISupportedInterfaceOrientations_iPhone = "UIInterfaceOrientationPortrait UIInterfaceOrientationLandscapeLeft UIInterfaceOrientationLandscapeRight";
				IPHONEOS_DEPLOYMENT_TARGET = 15.1;
				LD_RUNPATH_SEARCH_PATHS = (
					"$(inherited)",
					"@executable_path/Frameworks",
				);
				MARKETING_VERSION = 1.0;
				PRODUCT_BUNDLE_IDENTIFIER = "com.wlawsonkelly.Fetch-Me-A-Meal-";
				PRODUCT_NAME = "$(TARGET_NAME)";
				SWIFT_EMIT_LOC_STRINGS = YES;
				SWIFT_VERSION = 5.0;
				TARGETED_DEVICE_FAMILY = "1,2";
			};
			name = Release;
		};
		0814F9442A1D07E100FB05F0 /* Debug */ = {
			isa = XCBuildConfiguration;
			buildSettings = {
				ALWAYS_EMBED_SWIFT_STANDARD_LIBRARIES = YES;
				BUNDLE_LOADER = "$(TEST_HOST)";
				CODE_SIGN_STYLE = Automatic;
				CURRENT_PROJECT_VERSION = 1;
				DEVELOPMENT_TEAM = S8F5YNFL7X;
				GENERATE_INFOPLIST_FILE = YES;
				IPHONEOS_DEPLOYMENT_TARGET = 16.4;
				MARKETING_VERSION = 1.0;
				PRODUCT_BUNDLE_IDENTIFIER = "com.wlawsonkelly.Fetch-Me-A-Meal-Tests";
				PRODUCT_NAME = "$(TARGET_NAME)";
				SWIFT_EMIT_LOC_STRINGS = NO;
				SWIFT_VERSION = 5.0;
				TARGETED_DEVICE_FAMILY = "1,2";
				TEST_HOST = "$(BUILT_PRODUCTS_DIR)/Fetch Me A Meal!.app/$(BUNDLE_EXECUTABLE_FOLDER_PATH)/Fetch Me A Meal!";
			};
			name = Debug;
		};
		0814F9452A1D07E100FB05F0 /* Release */ = {
			isa = XCBuildConfiguration;
			buildSettings = {
				ALWAYS_EMBED_SWIFT_STANDARD_LIBRARIES = YES;
				BUNDLE_LOADER = "$(TEST_HOST)";
				CODE_SIGN_STYLE = Automatic;
				CURRENT_PROJECT_VERSION = 1;
				DEVELOPMENT_TEAM = S8F5YNFL7X;
				GENERATE_INFOPLIST_FILE = YES;
				IPHONEOS_DEPLOYMENT_TARGET = 16.4;
				MARKETING_VERSION = 1.0;
				PRODUCT_BUNDLE_IDENTIFIER = "com.wlawsonkelly.Fetch-Me-A-Meal-Tests";
				PRODUCT_NAME = "$(TARGET_NAME)";
				SWIFT_EMIT_LOC_STRINGS = NO;
				SWIFT_VERSION = 5.0;
				TARGETED_DEVICE_FAMILY = "1,2";
				TEST_HOST = "$(BUILT_PRODUCTS_DIR)/Fetch Me A Meal!.app/$(BUNDLE_EXECUTABLE_FOLDER_PATH)/Fetch Me A Meal!";
			};
			name = Release;
		};
		0814F9472A1D07E100FB05F0 /* Debug */ = {
			isa = XCBuildConfiguration;
			buildSettings = {
				ALWAYS_EMBED_SWIFT_STANDARD_LIBRARIES = YES;
				CODE_SIGN_STYLE = Automatic;
				CURRENT_PROJECT_VERSION = 1;
				DEVELOPMENT_TEAM = S8F5YNFL7X;
				GENERATE_INFOPLIST_FILE = YES;
				MARKETING_VERSION = 1.0;
				PRODUCT_BUNDLE_IDENTIFIER = "com.wlawsonkelly.Fetch-Me-A-Meal-UITests";
				PRODUCT_NAME = "$(TARGET_NAME)";
				SWIFT_EMIT_LOC_STRINGS = NO;
				SWIFT_VERSION = 5.0;
				TARGETED_DEVICE_FAMILY = "1,2";
				TEST_TARGET_NAME = "Fetch Me A Meal!";
			};
			name = Debug;
		};
		0814F9482A1D07E100FB05F0 /* Release */ = {
			isa = XCBuildConfiguration;
			buildSettings = {
				ALWAYS_EMBED_SWIFT_STANDARD_LIBRARIES = YES;
				CODE_SIGN_STYLE = Automatic;
				CURRENT_PROJECT_VERSION = 1;
				DEVELOPMENT_TEAM = S8F5YNFL7X;
				GENERATE_INFOPLIST_FILE = YES;
				MARKETING_VERSION = 1.0;
				PRODUCT_BUNDLE_IDENTIFIER = "com.wlawsonkelly.Fetch-Me-A-Meal-UITests";
				PRODUCT_NAME = "$(TARGET_NAME)";
				SWIFT_EMIT_LOC_STRINGS = NO;
				SWIFT_VERSION = 5.0;
				TARGETED_DEVICE_FAMILY = "1,2";
				TEST_TARGET_NAME = "Fetch Me A Meal!";
			};
			name = Release;
		};
/* End XCBuildConfiguration section */

/* Begin XCConfigurationList section */
		0814F9172A1D07DF00FB05F0 /* Build configuration list for PBXProject "Fetch Me A Meal!" */ = {
			isa = XCConfigurationList;
			buildConfigurations = (
				0814F93E2A1D07E100FB05F0 /* Debug */,
				0814F93F2A1D07E100FB05F0 /* Release */,
			);
			defaultConfigurationIsVisible = 0;
			defaultConfigurationName = Release;
		};
		0814F9402A1D07E100FB05F0 /* Build configuration list for PBXNativeTarget "Fetch Me A Meal!" */ = {
			isa = XCConfigurationList;
			buildConfigurations = (
				0814F9412A1D07E100FB05F0 /* Debug */,
				0814F9422A1D07E100FB05F0 /* Release */,
			);
			defaultConfigurationIsVisible = 0;
			defaultConfigurationName = Release;
		};
		0814F9432A1D07E100FB05F0 /* Build configuration list for PBXNativeTarget "Fetch Me A Meal!Tests" */ = {
			isa = XCConfigurationList;
			buildConfigurations = (
				0814F9442A1D07E100FB05F0 /* Debug */,
				0814F9452A1D07E100FB05F0 /* Release */,
			);
			defaultConfigurationIsVisible = 0;
			defaultConfigurationName = Release;
		};
		0814F9462A1D07E100FB05F0 /* Build configuration list for PBXNativeTarget "Fetch Me A Meal!UITests" */ = {
			isa = XCConfigurationList;
			buildConfigurations = (
				0814F9472A1D07E100FB05F0 /* Debug */,
				0814F9482A1D07E100FB05F0 /* Release */,
			);
			defaultConfigurationIsVisible = 0;
			defaultConfigurationName = Release;
		};
/* End XCConfigurationList section */
	};
	rootObject = 0814F9142A1D07DF00FB05F0 /* Project object */;
}
